
Microsoft Visual Studio Solution File, Format Version 12.00
# Visual Studio Version 16
VisualStudioVersion = 16.0.31105.61
MinimumVisualStudioVersion = 10.0.40219.1
Project("{FAE04EC0-301F-11D3-BF4B-00C04F79EFBC}") = "MinhaCorretora", "MinhaCorretora\MinhaCorretora.csproj", "{52D2647D-2C2D-48F4-8F98-6F1EBC57CE03}"
EndProject
Global
	GlobalSection(SolutionConfigurationPlatforms) = preSolution
		Debug|Any CPU = Debug|Any CPU
		Release|Any CPU = Release|Any CPU
	EndGlobalSection
	GlobalSection(ProjectConfigurationPlatforms) = postSolution
		{52D2647D-2C2D-48F4-8F98-6F1EBC57CE03}.Debug|Any CPU.ActiveCfg = Debug|Any CPU
		{52D2647D-2C2D-48F4-8F98-6F1EBC57CE03}.Debug|Any CPU.Build.0 = Debug|Any CPU
		{52D2647D-2C2D-48F4-8F98-6F1EBC57CE03}.Release|Any CPU.ActiveCfg = Release|Any CPU
		{52D2647D-2C2D-48F4-8F98-6F1EBC57CE03}.Release|Any CPU.Build.0 = Release|Any CPU
	EndGlobalSection
	GlobalSection(SolutionProperties) = preSolution
		HideSolutionNode = FALSE
	EndGlobalSection
	GlobalSection(ExtensibilityGlobals) = postSolution
		SolutionGuid = {4931C56F-C10F-4AEC-A529-6D124FEDB915}
	EndGlobalSection
EndGlobal
